<?xml version="1.0" encoding="utf-8"?>
<Project ToolsVersion="4.0" xmlns="http://schemas.microsoft.com/developer/msbuild/2003">
  <ItemGroup>
    <Filter Include="Header files">
      <UniqueIdentifier>{8f7577e9-f5bf-417e-b915-62f24fa4b0b9}</UniqueIdentifier>
      <Extensions>
      </Extensions>
    </Filter>
    <Filter Include="Resource files">
      <UniqueIdentifier>{b148c133-7344-4467-ab59-4196672980aa}</UniqueIdentifier>
    </Filter>
  </ItemGroup>
  <ItemGroup>
    <ClCompile Include="PluginDefinition.cpp" />
    <ClCompile Include="SumatraNPP.cpp" />
    <ClCompile Include="NPP\GUI\DockingDlgInterface.cpp" />
    <ClCompile Include="NPP\GUI\MainPanelDlg.cpp" />
    <ClCompile Include="NPP\GUI\StaticDialog.cpp" />
    <ClCompile Include="NPP\GUI\Window.cpp" />
  </ItemGroup>
  <ItemGroup>
    <ClInclude Include="PluginDefinition.h">
      <Filter>Header files</Filter>
    </ClInclude>
    <ClInclude Include="NPP\PluginInterface.h">
      <Filter>Header files</Filter>
    </ClInclude>
    <ClInclude Include="NPP\Scintilla.h">
      <Filter>Header files</Filter>
    </ClInclude>
    <ClInclude Include="NPP\Notepad_plus_msgs.h">
      <Filter>Header files</Filter>
    </ClInclude>
    <ClInclude Include="NPP\MenuCmdID.h">
      <Filter>Header files</Filter>
    </ClInclude>
    <ClInclude Include="NPP\GUI\Docking.h">
      <Filter>Header files</Filter>
    </ClInclude>
    <ClInclude Include="NPP\GUI\DockingDlgInterface.h">
      <Filter>Header files</Filter>
    </ClInclude>
    <ClInclude Include="NPP\GUI\DockingResource.h">
      <Filter>Header files</Filter>
    </ClInclude>
    <ClInclude Include="NPP\GUI\MainPanelDlg.h">
      <Filter>Header files</Filter>
    </ClInclude>
    <ClInclude Include="NPP\GUI\StaticDialog.h">
      <Filter>Header files</Filter>
    </ClInclude>
    <ClInclude Include="NPP\GUI\Window.h">
      <Filter>Header files</Filter>
    </ClInclude>
    <ClInclude Include="NPP\GUI\resource.h">
      <Filter>Resource files</Filter>
    </ClInclude>
  </ItemGroup>
  <ItemGroup>
    <ResourceCompile Include="NPP\GUI\mainPanel.rc">
      <Filter>Resource files</Filter>
    </ResourceCompile>
  </ItemGroup>
  <ItemGroup>
    <Image Include="NPP\GUI\Res\sumatrapdf-image.bmp">
      <Filter>Resource files</Filter>
    </Image>
    <Image Include="NPP\GUI\Res\sumatrapdf-icon.ico">
      <Filter>Resource files</Filter>
    </Image>
  </ItemGroup>
</Project>